
Microsoft Visual Studio Solution File, Format Version 12.00
# Visual Studio Version 17
VisualStudioVersion = 17.11.35312.102
MinimumVisualStudioVersion = 10.0.40219.1
Project("{2150E333-8FDC-42A3-9474-1A3956D46DE8}") = "src", "src", "{84781FE7-4151-43DC-B821-108411871636}"
EndProject
Project("{2150E333-8FDC-42A3-9474-1A3956D46DE8}") = "tests", "tests", "{23A908DE-542C-42F6-8286-EF3A3B733DC8}"
EndProject
Project("{9A19103F-16F7-4668-BE54-9A1E7A4F7556}") = "Ledger.Domain", "src\Ledger.Domain\Ledger.Domain.csproj", "{8A5C1C81-2FCE-4621-967F-204452CCE243}"
EndProject
Project("{9A19103F-16F7-4668-BE54-9A1E7A4F7556}") = "Ledger.Domain.Tests", "tests\Ledger.Domain.Tests\Ledger.Domain.Tests.csproj", "{CC3B292B-E3BA-4557-B4F5-D3F0BC5B7E72}"
EndProject
Project("{9A19103F-16F7-4668-BE54-9A1E7A4F7556}") = "Ledger.Infrastructure", "src\Ledger.Infrastructure\Ledger.Infrastructure.csproj", "{19CA6A2C-129D-4CDE-B4F7-38212B43E454}"
EndProject
Project("{9A19103F-16F7-4668-BE54-9A1E7A4F7556}") = "Ledger.Application", "src\Ledger.Application\Ledger.Application.csproj", "{354D4DB8-72DC-4259-9D04-1BD4C83E21FE}"
EndProject
Project("{9A19103F-16F7-4668-BE54-9A1E7A4F7556}") = "Ledger.Application.Tests", "tests\Ledger.Application.Tests\Ledger.Application.Tests.csproj", "{AA31F543-908A-47B5-B0D3-811EA9ED948B}"
EndProject
Project("{9A19103F-16F7-4668-BE54-9A1E7A4F7556}") = "Ledger.WebServer", "src\Ledger.WebServer\Ledger.WebServer.csproj", "{E6135DCA-4BCC-46C1-A55B-DCFBE1CA88DE}"
EndProject
Project("{2150E333-8FDC-42A3-9474-1A3956D46DE8}") = "Solution Items", "Solution Items", "{ED169FA1-D414-4D14-9DFD-AF834B7FF240}"
	ProjectSection(SolutionItems) = preProject
		.gitattributes = .gitattributes
		.gitignore = .gitignore
		README.md = README.md
	EndProjectSection
EndProject
Project("{FAE04EC0-301F-11D3-BF4B-00C04F79EFBC}") = "Ledger.WebServer.Tests", "tests\Ledger.WebServer.Tests\Ledger.WebServer.Tests.csproj", "{16FD88ED-7036-4651-93C3-BBD6C408B5B9}"
EndProject
Global
	GlobalSection(SolutionConfigurationPlatforms) = preSolution
		Debug|Any CPU = Debug|Any CPU
		Release|Any CPU = Release|Any CPU
	EndGlobalSection
	GlobalSection(ProjectConfigurationPlatforms) = postSolution
		{8A5C1C81-2FCE-4621-967F-204452CCE243}.Debug|Any CPU.ActiveCfg = Debug|Any CPU
		{8A5C1C81-2FCE-4621-967F-204452CCE243}.Debug|Any CPU.Build.0 = Debug|Any CPU
		{8A5C1C81-2FCE-4621-967F-204452CCE243}.Release|Any CPU.ActiveCfg = Release|Any CPU
		{8A5C1C81-2FCE-4621-967F-204452CCE243}.Release|Any CPU.Build.0 = Release|Any CPU
		{CC3B292B-E3BA-4557-B4F5-D3F0BC5B7E72}.Debug|Any CPU.ActiveCfg = Debug|Any CPU
		{CC3B292B-E3BA-4557-B4F5-D3F0BC5B7E72}.Debug|Any CPU.Build.0 = Debug|Any CPU
		{CC3B292B-E3BA-4557-B4F5-D3F0BC5B7E72}.Release|Any CPU.ActiveCfg = Release|Any CPU
		{CC3B292B-E3BA-4557-B4F5-D3F0BC5B7E72}.Release|Any CPU.Build.0 = Release|Any CPU
		{19CA6A2C-129D-4CDE-B4F7-38212B43E454}.Debug|Any CPU.ActiveCfg = Debug|Any CPU
		{19CA6A2C-129D-4CDE-B4F7-38212B43E454}.Debug|Any CPU.Build.0 = Debug|Any CPU
		{19CA6A2C-129D-4CDE-B4F7-38212B43E454}.Release|Any CPU.ActiveCfg = Release|Any CPU
		{19CA6A2C-129D-4CDE-B4F7-38212B43E454}.Release|Any CPU.Build.0 = Release|Any CPU
		{354D4DB8-72DC-4259-9D04-1BD4C83E21FE}.Debug|Any CPU.ActiveCfg = Debug|Any CPU
		{354D4DB8-72DC-4259-9D04-1BD4C83E21FE}.Debug|Any CPU.Build.0 = Debug|Any CPU
		{354D4DB8-72DC-4259-9D04-1BD4C83E21FE}.Release|Any CPU.ActiveCfg = Release|Any CPU
		{354D4DB8-72DC-4259-9D04-1BD4C83E21FE}.Release|Any CPU.Build.0 = Release|Any CPU
		{AA31F543-908A-47B5-B0D3-811EA9ED948B}.Debug|Any CPU.ActiveCfg = Debug|Any CPU
		{AA31F543-908A-47B5-B0D3-811EA9ED948B}.Debug|Any CPU.Build.0 = Debug|Any CPU
		{AA31F543-908A-47B5-B0D3-811EA9ED948B}.Release|Any CPU.ActiveCfg = Release|Any CPU
		{AA31F543-908A-47B5-B0D3-811EA9ED948B}.Release|Any CPU.Build.0 = Release|Any CPU
		{E6135DCA-4BCC-46C1-A55B-DCFBE1CA88DE}.Debug|Any CPU.ActiveCfg = Debug|Any CPU
		{E6135DCA-4BCC-46C1-A55B-DCFBE1CA88DE}.Debug|Any CPU.Build.0 = Debug|Any CPU
		{E6135DCA-4BCC-46C1-A55B-DCFBE1CA88DE}.Release|Any CPU.ActiveCfg = Release|Any CPU
		{E6135DCA-4BCC-46C1-A55B-DCFBE1CA88DE}.Release|Any CPU.Build.0 = Release|Any CPU
		{16FD88ED-7036-4651-93C3-BBD6C408B5B9}.Debug|Any CPU.ActiveCfg = Debug|Any CPU
		{16FD88ED-7036-4651-93C3-BBD6C408B5B9}.Debug|Any CPU.Build.0 = Debug|Any CPU
		{16FD88ED-7036-4651-93C3-BBD6C408B5B9}.Release|Any CPU.ActiveCfg = Release|Any CPU
		{16FD88ED-7036-4651-93C3-BBD6C408B5B9}.Release|Any CPU.Build.0 = Release|Any CPU
	EndGlobalSection
	GlobalSection(SolutionProperties) = preSolution
		HideSolutionNode = FALSE
	EndGlobalSection
	GlobalSection(NestedProjects) = preSolution
		{8A5C1C81-2FCE-4621-967F-204452CCE243} = {84781FE7-4151-43DC-B821-108411871636}
		{CC3B292B-E3BA-4557-B4F5-D3F0BC5B7E72} = {23A908DE-542C-42F6-8286-EF3A3B733DC8}
		{19CA6A2C-129D-4CDE-B4F7-38212B43E454} = {84781FE7-4151-43DC-B821-108411871636}
		{354D4DB8-72DC-4259-9D04-1BD4C83E21FE} = {84781FE7-4151-43DC-B821-108411871636}
		{AA31F543-908A-47B5-B0D3-811EA9ED948B} = {23A908DE-542C-42F6-8286-EF3A3B733DC8}
		{E6135DCA-4BCC-46C1-A55B-DCFBE1CA88DE} = {84781FE7-4151-43DC-B821-108411871636}
		{16FD88ED-7036-4651-93C3-BBD6C408B5B9} = {23A908DE-542C-42F6-8286-EF3A3B733DC8}
	EndGlobalSection
	GlobalSection(ExtensibilityGlobals) = postSolution
		SolutionGuid = {E31331AB-885D-456C-AD30-A03B4C5906DF}
	EndGlobalSection
EndGlobal
